
Microsoft Visual Studio Solution File, Format Version 12.00
# Visual Studio Version 17
VisualStudioVersion = 17.12.35707.178 d17.12
MinimumVisualStudioVersion = 10.0.40219.1
Project("{FAE04EC0-301F-11D3-BF4B-00C04F79EFBC}") = "Programowanie_Obiektowe_Pawlucki_Maciej_w69832", "Programowanie_Obiektowe_Pawlucki_Maciej_w69832.csproj", "{CE295076-A435-4533-BBAE-0A2F03542555}"
EndProject
Global
	GlobalSection(SolutionConfigurationPlatforms) = preSolution
		Debug|Any CPU = Debug|Any CPU
		Release|Any CPU = Release|Any CPU
	EndGlobalSection
	GlobalSection(ProjectConfigurationPlatforms) = postSolution
		{CE295076-A435-4533-BBAE-0A2F03542555}.Debug|Any CPU.ActiveCfg = Debug|Any CPU
		{CE295076-A435-4533-BBAE-0A2F03542555}.Debug|Any CPU.Build.0 = Debug|Any CPU
		{CE295076-A435-4533-BBAE-0A2F03542555}.Release|Any CPU.ActiveCfg = Release|Any CPU
		{CE295076-A435-4533-BBAE-0A2F03542555}.Release|Any CPU.Build.0 = Release|Any CPU
	EndGlobalSection
	GlobalSection(SolutionProperties) = preSolution
		HideSolutionNode = FALSE
	EndGlobalSection
EndGlobal
